
Microsoft Visual Studio Solution File, Format Version 12.00
# Visual Studio Version 17
VisualStudioVersion = 17.10.35122.118
MinimumVisualStudioVersion = 10.0.40219.1
Project("{FAE04EC0-301F-11D3-BF4B-00C04F79EFBC}") = "Buoi3", "Buoi3\Buoi3.csproj", "{9F36EE7C-188D-451E-988E-DCD1B8BDB4DB}"
EndProject
Project("{FAE04EC0-301F-11D3-BF4B-00C04F79EFBC}") = "BTVN", "BTVN\BTVN.csproj", "{F6C5A08F-B5BA-4154-BED3-6180782C80A3}"
EndProject
Project("{FAE04EC0-301F-11D3-BF4B-00C04F79EFBC}") = "BTVN2", "BTVN2\BTVN2.csproj", "{F597A791-CB49-4005-BC5B-120600E4C6A4}"
EndProject
Project("{FAE04EC0-301F-11D3-BF4B-00C04F79EFBC}") = "BTVN3", "BTVN3\BTVN3.csproj", "{7EA3D605-F765-4D83-B8C9-46507AECC847}"
EndProject
Project("{FAE04EC0-301F-11D3-BF4B-00C04F79EFBC}") = "BTVN4", "BTVN4\BTVN4.csproj", "{0740E4E0-961B-44E0-8832-91834A1E6405}"
EndProject
Project("{FAE04EC0-301F-11D3-BF4B-00C04F79EFBC}") = "FixBTVN", "FixBTVN\FixBTVN.csproj", "{CA3F472C-59C8-40D4-BB7A-D9B5FE04600C}"
EndProject
Project("{FAE04EC0-301F-11D3-BF4B-00C04F79EFBC}") = "Buoi4", "Buoi4\Buoi4.csproj", "{8454E9FF-2C0A-416F-B8FB-83212BBD9A0F}"
EndProject
Project("{FAE04EC0-301F-11D3-BF4B-00C04F79EFBC}") = "Buoi5", "Buoi5\Buoi5.csproj", "{434939D5-07F5-4DCD-93D8-ADB2465CEC5C}"
EndProject
Project("{FAE04EC0-301F-11D3-BF4B-00C04F79EFBC}") = "Buoi6", "Buoi6\Buoi6.csproj", "{02FDB0D1-2F98-4594-B05B-5621300ABAFB}"
EndProject
Project("{FAE04EC0-301F-11D3-BF4B-00C04F79EFBC}") = "Buoi7", "Buoi7\Buoi7.csproj", "{E55ACCDC-D082-49A9-9DCE-E86478650640}"
EndProject
Project("{FAE04EC0-301F-11D3-BF4B-00C04F79EFBC}") = "Buoi8", "Buoi8\Buoi8.csproj", "{F459E795-7BE6-4B5C-A4B0-CD972117BE37}"
EndProject
Project("{FAE04EC0-301F-11D3-BF4B-00C04F79EFBC}") = "Buoi8_2", "Buoi8_2\Buoi8_2.csproj", "{5E56E7E9-7F8E-4D89-BB37-0B94C941C84C}"
EndProject
Project("{FAE04EC0-301F-11D3-BF4B-00C04F79EFBC}") = "Buoi9", "Buoi9\Buoi9.csproj", "{E52D5294-6247-44FE-9A30-9EC89E218A7E}"
EndProject
Project("{FAE04EC0-301F-11D3-BF4B-00C04F79EFBC}") = "BTVNB9", "BTVNB9\BTVNB9.csproj", "{781C52A3-773E-4A83-8911-1B857077C3EE}"
EndProject
Global
	GlobalSection(SolutionConfigurationPlatforms) = preSolution
		Debug|Any CPU = Debug|Any CPU
		Release|Any CPU = Release|Any CPU
	EndGlobalSection
	GlobalSection(ProjectConfigurationPlatforms) = postSolution
		{9F36EE7C-188D-451E-988E-DCD1B8BDB4DB}.Debug|Any CPU.ActiveCfg = Debug|Any CPU
		{9F36EE7C-188D-451E-988E-DCD1B8BDB4DB}.Debug|Any CPU.Build.0 = Debug|Any CPU
		{9F36EE7C-188D-451E-988E-DCD1B8BDB4DB}.Release|Any CPU.ActiveCfg = Release|Any CPU
		{9F36EE7C-188D-451E-988E-DCD1B8BDB4DB}.Release|Any CPU.Build.0 = Release|Any CPU
		{F6C5A08F-B5BA-4154-BED3-6180782C80A3}.Debug|Any CPU.ActiveCfg = Debug|Any CPU
		{F6C5A08F-B5BA-4154-BED3-6180782C80A3}.Debug|Any CPU.Build.0 = Debug|Any CPU
		{F6C5A08F-B5BA-4154-BED3-6180782C80A3}.Release|Any CPU.ActiveCfg = Release|Any CPU
		{F6C5A08F-B5BA-4154-BED3-6180782C80A3}.Release|Any CPU.Build.0 = Release|Any CPU
		{F597A791-CB49-4005-BC5B-120600E4C6A4}.Debug|Any CPU.ActiveCfg = Debug|Any CPU
		{F597A791-CB49-4005-BC5B-120600E4C6A4}.Debug|Any CPU.Build.0 = Debug|Any CPU
		{F597A791-CB49-4005-BC5B-120600E4C6A4}.Release|Any CPU.ActiveCfg = Release|Any CPU
		{F597A791-CB49-4005-BC5B-120600E4C6A4}.Release|Any CPU.Build.0 = Release|Any CPU
		{7EA3D605-F765-4D83-B8C9-46507AECC847}.Debug|Any CPU.ActiveCfg = Debug|Any CPU
		{7EA3D605-F765-4D83-B8C9-46507AECC847}.Debug|Any CPU.Build.0 = Debug|Any CPU
		{7EA3D605-F765-4D83-B8C9-46507AECC847}.Release|Any CPU.ActiveCfg = Release|Any CPU
		{7EA3D605-F765-4D83-B8C9-46507AECC847}.Release|Any CPU.Build.0 = Release|Any CPU
		{0740E4E0-961B-44E0-8832-91834A1E6405}.Debug|Any CPU.ActiveCfg = Debug|Any CPU
		{0740E4E0-961B-44E0-8832-91834A1E6405}.Debug|Any CPU.Build.0 = Debug|Any CPU
		{0740E4E0-961B-44E0-8832-91834A1E6405}.Release|Any CPU.ActiveCfg = Release|Any CPU
		{0740E4E0-961B-44E0-8832-91834A1E6405}.Release|Any CPU.Build.0 = Release|Any CPU
		{CA3F472C-59C8-40D4-BB7A-D9B5FE04600C}.Debug|Any CPU.ActiveCfg = Debug|Any CPU
		{CA3F472C-59C8-40D4-BB7A-D9B5FE04600C}.Debug|Any CPU.Build.0 = Debug|Any CPU
		{CA3F472C-59C8-40D4-BB7A-D9B5FE04600C}.Release|Any CPU.ActiveCfg = Release|Any CPU
		{CA3F472C-59C8-40D4-BB7A-D9B5FE04600C}.Release|Any CPU.Build.0 = Release|Any CPU
		{8454E9FF-2C0A-416F-B8FB-83212BBD9A0F}.Debug|Any CPU.ActiveCfg = Debug|Any CPU
		{8454E9FF-2C0A-416F-B8FB-83212BBD9A0F}.Debug|Any CPU.Build.0 = Debug|Any CPU
		{8454E9FF-2C0A-416F-B8FB-83212BBD9A0F}.Release|Any CPU.ActiveCfg = Release|Any CPU
		{8454E9FF-2C0A-416F-B8FB-83212BBD9A0F}.Release|Any CPU.Build.0 = Release|Any CPU
		{434939D5-07F5-4DCD-93D8-ADB2465CEC5C}.Debug|Any CPU.ActiveCfg = Debug|Any CPU
		{434939D5-07F5-4DCD-93D8-ADB2465CEC5C}.Debug|Any CPU.Build.0 = Debug|Any CPU
		{434939D5-07F5-4DCD-93D8-ADB2465CEC5C}.Release|Any CPU.ActiveCfg = Release|Any CPU
		{434939D5-07F5-4DCD-93D8-ADB2465CEC5C}.Release|Any CPU.Build.0 = Release|Any CPU
		{02FDB0D1-2F98-4594-B05B-5621300ABAFB}.Debug|Any CPU.ActiveCfg = Debug|Any CPU
		{02FDB0D1-2F98-4594-B05B-5621300ABAFB}.Debug|Any CPU.Build.0 = Debug|Any CPU
		{02FDB0D1-2F98-4594-B05B-5621300ABAFB}.Release|Any CPU.ActiveCfg = Release|Any CPU
		{02FDB0D1-2F98-4594-B05B-5621300ABAFB}.Release|Any CPU.Build.0 = Release|Any CPU
		{E55ACCDC-D082-49A9-9DCE-E86478650640}.Debug|Any CPU.ActiveCfg = Debug|Any CPU
		{E55ACCDC-D082-49A9-9DCE-E86478650640}.Debug|Any CPU.Build.0 = Debug|Any CPU
		{E55ACCDC-D082-49A9-9DCE-E86478650640}.Release|Any CPU.ActiveCfg = Release|Any CPU
		{E55ACCDC-D082-49A9-9DCE-E86478650640}.Release|Any CPU.Build.0 = Release|Any CPU
		{F459E795-7BE6-4B5C-A4B0-CD972117BE37}.Debug|Any CPU.ActiveCfg = Debug|Any CPU
		{F459E795-7BE6-4B5C-A4B0-CD972117BE37}.Debug|Any CPU.Build.0 = Debug|Any CPU
		{F459E795-7BE6-4B5C-A4B0-CD972117BE37}.Release|Any CPU.ActiveCfg = Release|Any CPU
		{F459E795-7BE6-4B5C-A4B0-CD972117BE37}.Release|Any CPU.Build.0 = Release|Any CPU
		{5E56E7E9-7F8E-4D89-BB37-0B94C941C84C}.Debug|Any CPU.ActiveCfg = Debug|Any CPU
		{5E56E7E9-7F8E-4D89-BB37-0B94C941C84C}.Debug|Any CPU.Build.0 = Debug|Any CPU
		{5E56E7E9-7F8E-4D89-BB37-0B94C941C84C}.Release|Any CPU.ActiveCfg = Release|Any CPU
		{5E56E7E9-7F8E-4D89-BB37-0B94C941C84C}.Release|Any CPU.Build.0 = Release|Any CPU
		{E52D5294-6247-44FE-9A30-9EC89E218A7E}.Debug|Any CPU.ActiveCfg = Debug|Any CPU
		{E52D5294-6247-44FE-9A30-9EC89E218A7E}.Debug|Any CPU.Build.0 = Debug|Any CPU
		{E52D5294-6247-44FE-9A30-9EC89E218A7E}.Release|Any CPU.ActiveCfg = Release|Any CPU
		{E52D5294-6247-44FE-9A30-9EC89E218A7E}.Release|Any CPU.Build.0 = Release|Any CPU
		{781C52A3-773E-4A83-8911-1B857077C3EE}.Debug|Any CPU.ActiveCfg = Debug|Any CPU
		{781C52A3-773E-4A83-8911-1B857077C3EE}.Debug|Any CPU.Build.0 = Debug|Any CPU
		{781C52A3-773E-4A83-8911-1B857077C3EE}.Release|Any CPU.ActiveCfg = Release|Any CPU
		{781C52A3-773E-4A83-8911-1B857077C3EE}.Release|Any CPU.Build.0 = Release|Any CPU
	EndGlobalSection
	GlobalSection(SolutionProperties) = preSolution
		HideSolutionNode = FALSE
	EndGlobalSection
	GlobalSection(ExtensibilityGlobals) = postSolution
		SolutionGuid = {09DCC7B0-04E3-403D-805F-4B30A90343A2}
	EndGlobalSection
EndGlobal
